
Microsoft Visual Studio Solution File, Format Version 12.00
# Visual Studio Version 16
VisualStudioVersion = 16.0.30406.217
MinimumVisualStudioVersion = 10.0.40219.1
Project("{9092AA53-FB77-4645-B42D-1CCCA6BD08BD}") = "id_game", "id_game\id_game.njsproj", "{61774AC5-3050-4701-8333-174239182133}"
EndProject
Global
	GlobalSection(SolutionConfigurationPlatforms) = preSolution
		Debug|Any CPU = Debug|Any CPU
		Release|Any CPU = Release|Any CPU
	EndGlobalSection
	GlobalSection(ProjectConfigurationPlatforms) = postSolution
		{61774AC5-3050-4701-8333-174239182133}.Debug|Any CPU.ActiveCfg = Debug|Any CPU
		{61774AC5-3050-4701-8333-174239182133}.Debug|Any CPU.Build.0 = Debug|Any CPU
		{61774AC5-3050-4701-8333-174239182133}.Release|Any CPU.ActiveCfg = Release|Any CPU
		{61774AC5-3050-4701-8333-174239182133}.Release|Any CPU.Build.0 = Release|Any CPU
	EndGlobalSection
	GlobalSection(SolutionProperties) = preSolution
		HideSolutionNode = FALSE
	EndGlobalSection
	GlobalSection(ExtensibilityGlobals) = postSolution
		SolutionGuid = {B21616E8-388D-44E2-ACBD-BB85DF568E1B}
	EndGlobalSection
EndGlobal
